// !$*UTF8*$!
{
	archiveVersion = 1;
	classes = {
	};
	objectVersion = 50;
	objects = {

/* Begin PBXBuildFile section */
		59D922FC2113DA6E00576DA6 /* Item+CoreDataClass.swift in Sources */ = {isa = PBXBuildFile; fileRef = 59D922FA2113DA6E00576DA6 /* Item+CoreDataClass.swift */; };
		59D922FD2113DA6E00576DA6 /* Item+CoreDataProperties.swift in Sources */ = {isa = PBXBuildFile; fileRef = 59D922FB2113DA6E00576DA6 /* Item+CoreDataProperties.swift */; };
		D60532222113C5DA0069F32F /* AppDelegate.swift in Sources */ = {isa = PBXBuildFile; fileRef = D60532212113C5DA0069F32F /* AppDelegate.swift */; };
		D60532272113C5DA0069F32F /* Main.storyboard in Resources */ = {isa = PBXBuildFile; fileRef = D60532252113C5DA0069F32F /* Main.storyboard */; };
		D605322A2113C5DA0069F32F /* Todo_List.xcdatamodeld in Sources */ = {isa = PBXBuildFile; fileRef = D60532282113C5DA0069F32F /* Todo_List.xcdatamodeld */; };
		D605322C2113C5DA0069F32F /* Assets.xcassets in Resources */ = {isa = PBXBuildFile; fileRef = D605322B2113C5DA0069F32F /* Assets.xcassets */; };
		D605322F2113C5DA0069F32F /* LaunchScreen.storyboard in Resources */ = {isa = PBXBuildFile; fileRef = D605322D2113C5DA0069F32F /* LaunchScreen.storyboard */; };
		D60532372113C7F00069F32F /* CoreDataStack.swift in Sources */ = {isa = PBXBuildFile; fileRef = D60532362113C7F00069F32F /* CoreDataStack.swift */; };
		D6B15EE62113D08900CC178B /* TodoListController.swift in Sources */ = {isa = PBXBuildFile; fileRef = D6B15EE52113D08900CC178B /* TodoListController.swift */; };
		D6B15EE92113D1F000CC178B /* AddTaskController.swift in Sources */ = {isa = PBXBuildFile; fileRef = D6B15EE82113D1F000CC178B /* AddTaskController.swift */; };
/* End PBXBuildFile section */

/* Begin PBXFileReference section */
		59D922FA2113DA6E00576DA6 /* Item+CoreDataClass.swift */ = {isa = PBXFileReference; lastKnownFileType = sourcecode.swift; path = "Item+CoreDataClass.swift"; sourceTree = "<group>"; };
		59D922FB2113DA6E00576DA6 /* Item+CoreDataProperties.swift */ = {isa = PBXFileReference; lastKnownFileType = sourcecode.swift; path = "Item+CoreDataProperties.swift"; sourceTree = "<group>"; };
		D605321E2113C5DA0069F32F /* Todo List.app */ = {isa = PBXFileReference; explicitFileType = wrapper.application; includeInIndex = 0; path = "Todo List.app"; sourceTree = BUILT_PRODUCTS_DIR; };
		D60532212113C5DA0069F32F /* AppDelegate.swift */ = {isa = PBXFileReference; lastKnownFileType = sourcecode.swift; path = AppDelegate.swift; sourceTree = "<group>"; };
		D60532262113C5DA0069F32F /* Base */ = {isa = PBXFileReference; lastKnownFileType = file.storyboard; name = Base; path = Base.lproj/Main.storyboard; sourceTree = "<group>"; };
		D60532292113C5DA0069F32F /* Todo_List.xcdatamodel */ = {isa = PBXFileReference; lastKnownFileType = wrapper.xcdatamodel; path = Todo_List.xcdatamodel; sourceTree = "<group>"; };
		D605322B2113C5DA0069F32F /* Assets.xcassets */ = {isa = PBXFileReference; lastKnownFileType = folder.assetcatalog; path = Assets.xcassets; sourceTree = "<group>"; };
		D605322E2113C5DA0069F32F /* Base */ = {isa = PBXFileReference; lastKnownFileType = file.storyboard; name = Base; path = Base.lproj/LaunchScreen.storyboard; sourceTree = "<group>"; };
		D60532302113C5DB0069F32F /* Info.plist */ = {isa = PBXFileReference; lastKnownFileType = text.plist.xml; path = Info.plist; sourceTree = "<group>"; };
		D60532362113C7F00069F32F /* CoreDataStack.swift */ = {isa = PBXFileReference; lastKnownFileType = sourcecode.swift; path = CoreDataStack.swift; sourceTree = "<group>"; };
		D6B15EE52113D08900CC178B /* TodoListController.swift */ = {isa = PBXFileReference; lastKnownFileType = sourcecode.swift; path = TodoListController.swift; sourceTree = "<group>"; };
		D6B15EE82113D1F000CC178B /* AddTaskController.swift */ = {isa = PBXFileReference; lastKnownFileType = sourcecode.swift; path = AddTaskController.swift; sourceTree = "<group>"; };
/* End PBXFileReference section */

/* Begin PBXFrameworksBuildPhase section */
		D605321B2113C5DA0069F32F /* Frameworks */ = {
			isa = PBXFrameworksBuildPhase;
			buildActionMask = 2147483647;
			files = (
			);
			runOnlyForDeploymentPostprocessing = 0;
		};
/* End PBXFrameworksBuildPhase section */

/* Begin PBXGroup section */
		59D11D132113D79D0092E3DB /* CoreData */ = {
			isa = PBXGroup;
			children = (
				59D922FA2113DA6E00576DA6 /* Item+CoreDataClass.swift */,
				59D922FB2113DA6E00576DA6 /* Item+CoreDataProperties.swift */,
				D60532362113C7F00069F32F /* CoreDataStack.swift */,
				D60532282113C5DA0069F32F /* Todo_List.xcdatamodeld */,
			);
			path = CoreData;
			sourceTree = "<group>";
		};
		D60532152113C5DA0069F32F = {
			isa = PBXGroup;
			children = (
				D60532202113C5DA0069F32F /* Todo List */,
				D605321F2113C5DA0069F32F /* Products */,
			);
			sourceTree = "<group>";
		};
		D605321F2113C5DA0069F32F /* Products */ = {
			isa = PBXGroup;
			children = (
				D605321E2113C5DA0069F32F /* Todo List.app */,
			);
			name = Products;
			sourceTree = "<group>";
		};
		D60532202113C5DA0069F32F /* Todo List */ = {
			isa = PBXGroup;
			children = (
				59D11D132113D79D0092E3DB /* CoreData */,
				D6B15EEA2113D1F800CC178B /* Controllers */,
				D60532252113C5DA0069F32F /* Main.storyboard */,
				D6B15EE72113D16300CC178B /* Supporting Files */,
			);
			path = "Todo List";
			sourceTree = "<group>";
		};
		D6B15EE72113D16300CC178B /* Supporting Files */ = {
			isa = PBXGroup;
			children = (
				D60532212113C5DA0069F32F /* AppDelegate.swift */,
				D60532302113C5DB0069F32F /* Info.plist */,
				D605322D2113C5DA0069F32F /* LaunchScreen.storyboard */,
				D605322B2113C5DA0069F32F /* Assets.xcassets */,
			);
			path = "Supporting Files";
			sourceTree = "<group>";
		};
		D6B15EEA2113D1F800CC178B /* Controllers */ = {
			isa = PBXGroup;
			children = (
				D6B15EE82113D1F000CC178B /* AddTaskController.swift */,
				D6B15EE52113D08900CC178B /* TodoListController.swift */,
			);
			path = Controllers;
			sourceTree = "<group>";
		};
/* End PBXGroup section */

/* Begin PBXNativeTarget section */
		D605321D2113C5DA0069F32F /* Todo List */ = {
			isa = PBXNativeTarget;
			buildConfigurationList = D60532332113C5DB0069F32F /* Build configuration list for PBXNativeTarget "Todo List" */;
			buildPhases = (
				D605321A2113C5DA0069F32F /* Sources */,
				D605321B2113C5DA0069F32F /* Frameworks */,
				D605321C2113C5DA0069F32F /* Resources */,
			);
			buildRules = (
			);
			dependencies = (
			);
			name = "Todo List";
			productName = "Todo List";
			productReference = D605321E2113C5DA0069F32F /* Todo List.app */;
			productType = "com.apple.product-type.application";
		};
/* End PBXNativeTarget section */

/* Begin PBXProject section */
		D60532162113C5DA0069F32F /* Project object */ = {
			isa = PBXProject;
			attributes = {
				LastSwiftUpdateCheck = 1000;
				LastUpgradeCheck = 1000;
				ORGANIZATIONNAME = Peaking;
				TargetAttributes = {
					D605321D2113C5DA0069F32F = {
						CreatedOnToolsVersion = 10.0;
					};
				};
			};
			buildConfigurationList = D60532192113C5DA0069F32F /* Build configuration list for PBXProject "Todo List" */;
			compatibilityVersion = "Xcode 9.3";
			developmentRegion = en;
			hasScannedForEncodings = 0;
			knownRegions = (
				en,
				Base,
			);
			mainGroup = D60532152113C5DA0069F32F;
			productRefGroup = D605321F2113C5DA0069F32F /* Products */;
			projectDirPath = "";
			projectRoot = "";
			targets = (
				D605321D2113C5DA0069F32F /* Todo List */,
			);
		};
/* End PBXProject section */

/* Begin PBXResourcesBuildPhase section */
		D605321C2113C5DA0069F32F /* Resources */ = {
			isa = PBXResourcesBuildPhase;
			buildActionMask = 2147483647;
			files = (
				D605322F2113C5DA0069F32F /* LaunchScreen.storyboard in Resources */,
				D605322C2113C5DA0069F32F /* Assets.xcassets in Resources */,
				D60532272113C5DA0069F32F /* Main.storyboard in Resources */,
			);
			runOnlyForDeploymentPostprocessing = 0;
		};
/* End PBXResourcesBuildPhase section */

/* Begin PBXSourcesBuildPhase section */
		D605321A2113C5DA0069F32F /* Sources */ = {
			isa = PBXSourcesBuildPhase;
			buildActionMask = 2147483647;
			files = (
				59D922FD2113DA6E00576DA6 /* Item+CoreDataProperties.swift in Sources */,
				59D922FC2113DA6E00576DA6 /* Item+CoreDataClass.swift in Sources */,
				D6B15EE62113D08900CC178B /* TodoListController.swift in Sources */,
				D6B15EE92113D1F000CC178B /* AddTaskController.swift in Sources */,
				D605322A2113C5DA0069F32F /* Todo_List.xcdatamodeld in Sources */,
				D60532222113C5DA0069F32F /* AppDelegate.swift in Sources */,
				D60532372113C7F00069F32F /* CoreDataStack.swift in Sources */,
			);
			runOnlyForDeploymentPostprocessing = 0;
		};
/* End PBXSourcesBuildPhase section */

/* Begin PBXVariantGroup section */
		D60532252113C5DA0069F32F /* Main.storyboard */ = {
			isa = PBXVariantGroup;
			children = (
				D60532262113C5DA0069F32F /* Base */,
			);
			name = Main.storyboard;
			sourceTree = "<group>";
		};
		D605322D2113C5DA0069F32F /* LaunchScreen.storyboard */ = {
			isa = PBXVariantGroup;
			children = (
				D605322E2113C5DA0069F32F /* Base */,
			);
			name = LaunchScreen.storyboard;
			sourceTree = "<group>";
		};
/* End PBXVariantGroup section */

/* Begin XCBuildConfiguration section */
		D60532312113C5DB0069F32F /* Debug */ = {
			isa = XCBuildConfiguration;
			buildSettings = {
				ALWAYS_SEARCH_USER_PATHS = NO;
				CLANG_ANALYZER_NONNULL = YES;
				CLANG_ANALYZER_NUMBER_OBJECT_CONVERSION = YES_AGGRESSIVE;
				CLANG_CXX_LANGUAGE_STANDARD = "gnu++14";
				CLANG_CXX_LIBRARY = "libc++";
				CLANG_ENABLE_MODULES = YES;
				CLANG_ENABLE_OBJC_ARC = YES;
				CLANG_ENABLE_OBJC_WEAK = YES;
				CLANG_WARN_BLOCK_CAPTURE_AUTORELEASING = YES;
				CLANG_WARN_BOOL_CONVERSION = YES;
				CLANG_WARN_COMMA = YES;
				CLANG_WARN_CONSTANT_CONVERSION = YES;
				CLANG_WARN_DEPRECATED_OBJC_IMPLEMENTATIONS = YES;
				CLANG_WARN_DIRECT_OBJC_ISA_USAGE = YES_ERROR;
				CLANG_WARN_DOCUMENTATION_COMMENTS = YES;
				CLANG_WARN_EMPTY_BODY = YES;
				CLANG_WARN_ENUM_CONVERSION = YES;
				CLANG_WARN_INFINITE_RECURSION = YES;
				CLANG_WARN_INT_CONVERSION = YES;
				CLANG_WARN_NON_LITERAL_NULL_CONVERSION = YES;
				CLANG_WARN_OBJC_IMPLICIT_RETAIN_SELF = YES;
				CLANG_WARN_OBJC_LITERAL_CONVERSION = YES;
				CLANG_WARN_OBJC_ROOT_CLASS = YES_ERROR;
				CLANG_WARN_RANGE_LOOP_ANALYSIS = YES;
				CLANG_WARN_STRICT_PROTOTYPES = YES;
				CLANG_WARN_SUSPICIOUS_MOVE = YES;
				CLANG_WARN_UNGUARDED_AVAILABILITY = YES_AGGRESSIVE;
				CLANG_WARN_UNREACHABLE_CODE = YES;
				CLANG_WARN__DUPLICATE_METHOD_MATCH = YES;
				CODE_SIGN_IDENTITY = "iPhone Developer";
				COPY_PHASE_STRIP = NO;
				DEBUG_INFORMATION_FORMAT = dwarf;
				ENABLE_STRICT_OBJC_MSGSEND = YES;
				ENABLE_TESTABILITY = YES;
				GCC_C_LANGUAGE_STANDARD = gnu11;
				GCC_DYNAMIC_NO_PIC = NO;
				GCC_NO_COMMON_BLOCKS = YES;
				GCC_OPTIMIZATION_LEVEL = 0;
				GCC_PREPROCESSOR_DEFINITIONS = (
					"DEBUG=1",
					"$(inherited)",
				);
				GCC_WARN_64_TO_32_BIT_CONVERSION = YES;
				GCC_WARN_ABOUT_RETURN_TYPE = YES_ERROR;
				GCC_WARN_UNDECLARED_SELECTOR = YES;
				GCC_WARN_UNINITIALIZED_AUTOS = YES_AGGRESSIVE;
				GCC_WARN_UNUSED_FUNCTION = YES;
				GCC_WARN_UNUSED_VARIABLE = YES;
				IPHONEOS_DEPLOYMENT_TARGET = 12.0;
				MTL_ENABLE_DEBUG_INFO = INCLUDE_SOURCE;
				MTL_FAST_MATH = YES;
				ONLY_ACTIVE_ARCH = YES;
				SDKROOT = iphoneos;
				SWIFT_ACTIVE_COMPILATION_CONDITIONS = DEBUG;
				SWIFT_OPTIMIZATION_LEVEL = "-Onone";
			};
			name = Debug;
		};
		D60532322113C5DB0069F32F /* Release */ = {
			isa = XCBuildConfiguration;
			buildSettings = {
				ALWAYS_SEARCH_USER_PATHS = NO;
				CLANG_ANALYZER_NONNULL = YES;
				CLANG_ANALYZER_NUMBER_OBJECT_CONVERSION = YES_AGGRESSIVE;
				CLANG_CXX_LANGUAGE_STANDARD = "gnu++14";
				CLANG_CXX_LIBRARY = "libc++";
				CLANG_ENABLE_MODULES = YES;
				CLANG_ENABLE_OBJC_ARC = YES;
				CLANG_ENABLE_OBJC_WEAK = YES;
				CLANG_WARN_BLOCK_CAPTURE_AUTORELEASING = YES;
				CLANG_WARN_BOOL_CONVERSION = YES;
				CLANG_WARN_COMMA = YES;
				CLANG_WARN_CONSTANT_CONVERSION = YES;
				CLANG_WARN_DEPRECATED_OBJC_IMPLEMENTATIONS = YES;
				CLANG_WARN_DIRECT_OBJC_ISA_USAGE = YES_ERROR;
				CLANG_WARN_DOCUMENTATION_COMMENTS = YES;
				CLANG_WARN_EMPTY_BODY = YES;
				CLANG_WARN_ENUM_CONVERSION = YES;
				CLANG_WARN_INFINITE_RECURSION = YES;
				CLANG_WARN_INT_CONVERSION = YES;
				CLANG_WARN_NON_LITERAL_NULL_CONVERSION = YES;
				CLANG_WARN_OBJC_IMPLICIT_RETAIN_SELF = YES;
				CLANG_WARN_OBJC_LITERAL_CONVERSION = YES;
				CLANG_WARN_OBJC_ROOT_CLASS = YES_ERROR;
				CLANG_WARN_RANGE_LOOP_ANALYSIS = YES;
				CLANG_WARN_STRICT_PROTOTYPES = YES;
				CLANG_WARN_SUSPICIOUS_MOVE = YES;
				CLANG_WARN_UNGUARDED_AVAILABILITY = YES_AGGRESSIVE;
				CLANG_WARN_UNREACHABLE_CODE = YES;
				CLANG_WARN__DUPLICATE_METHOD_MATCH = YES;
				CODE_SIGN_IDENTITY = "iPhone Developer";
				COPY_PHASE_STRIP = NO;
				DEBUG_INFORMATION_FORMAT = "dwarf-with-dsym";
				ENABLE_NS_ASSERTIONS = NO;
				ENABLE_STRICT_OBJC_MSGSEND = YES;
				GCC_C_LANGUAGE_STANDARD = gnu11;
				GCC_NO_COMMON_BLOCKS = YES;
				GCC_WARN_64_TO_32_BIT_CONVERSION = YES;
				GCC_WARN_ABOUT_RETURN_TYPE = YES_ERROR;
				GCC_WARN_UNDECLARED_SELECTOR = YES;
				GCC_WARN_UNINITIALIZED_AUTOS = YES_AGGRESSIVE;
				GCC_WARN_UNUSED_FUNCTION = YES;
				GCC_WARN_UNUSED_VARIABLE = YES;
				IPHONEOS_DEPLOYMENT_TARGET = 12.0;
				MTL_ENABLE_DEBUG_INFO = NO;
				MTL_FAST_MATH = YES;
				SDKROOT = iphoneos;
				SWIFT_COMPILATION_MODE = wholemodule;
				SWIFT_OPTIMIZATION_LEVEL = "-O";
				VALIDATE_PRODUCT = YES;
			};
			name = Release;
		};
		D60532342113C5DB0069F32F /* Debug */ = {
			isa = XCBuildConfiguration;
			buildSettings = {
				ASSETCATALOG_COMPILER_APPICON_NAME = AppIcon;
				CODE_SIGN_STYLE = Automatic;
				DEVELOPMENT_TEAM = DNPVU838JE;
				INFOPLIST_FILE = "$(SRCROOT)/Todo List/Supporting Files/Info.plist";
				LD_RUNPATH_SEARCH_PATHS = (
					"$(inherited)",
					"@executable_path/Frameworks",
				);
				PRODUCT_BUNDLE_IDENTIFIER = "com.peaking.Todo-List";
				PRODUCT_NAME = "$(TARGET_NAME)";
				SWIFT_VERSION = 4.2;
				TARGETED_DEVICE_FAMILY = "1,2";
			};
			name = Debug;
		};
		D60532352113C5DB0069F32F /* Release */ = {
			isa = XCBuildConfiguration;
			buildSettings = {
				ASSETCATALOG_COMPILER_APPICON_NAME = AppIcon;
				CODE_SIGN_STYLE = Automatic;
				DEVELOPMENT_TEAM = DNPVU838JE;
				INFOPLIST_FILE = "$(SRCROOT)/Todo List/Supporting Files/Info.plist";
				LD_RUNPATH_SEARCH_PATHS = (
					"$(inherited)",
					"@executable_path/Frameworks",
				);
				PRODUCT_BUNDLE_IDENTIFIER = "com.peaking.Todo-List";
				PRODUCT_NAME = "$(TARGET_NAME)";
				SWIFT_VERSION = 4.2;
				TARGETED_DEVICE_FAMILY = "1,2";
			};
			name = Release;
		};
/* End XCBuildConfiguration section */

/* Begin XCConfigurationList section */
		D60532192113C5DA0069F32F /* Build configuration list for PBXProject "Todo List" */ = {
			isa = XCConfigurationList;
			buildConfigurations = (
				D60532312113C5DB0069F32F /* Debug */,
				D60532322113C5DB0069F32F /* Release */,
			);
			defaultConfigurationIsVisible = 0;
			defaultConfigurationName = Release;
		};
		D60532332113C5DB0069F32F /* Build configuration list for PBXNativeTarget "Todo List" */ = {
			isa = XCConfigurationList;
			buildConfigurations = (
				D60532342113C5DB0069F32F /* Debug */,
				D60532352113C5DB0069F32F /* Release */,
			);
			defaultConfigurationIsVisible = 0;
			defaultConfigurationName = Release;
		};
/* End XCConfigurationList section */

/* Begin XCVersionGroup section */
		D60532282113C5DA0069F32F /* Todo_List.xcdatamodeld */ = {
			isa = XCVersionGroup;
			children = (
				D60532292113C5DA0069F32F /* Todo_List.xcdatamodel */,
			);
			currentVersion = D60532292113C5DA0069F32F /* Todo_List.xcdatamodel */;
			path = Todo_List.xcdatamodeld;
			sourceTree = "<group>";
			versionGroupType = wrapper.xcdatamodel;
		};
/* End XCVersionGroup section */
	};
	rootObject = D60532162113C5DA0069F32F /* Project object */;
}
